
Microsoft Visual Studio Solution File, Format Version 12.00
# Visual Studio 2012
Project("{8BC9CEB8-8B4A-11D0-8D11-00A0C91BC942}") = "BinarySearchTreeExercises", "BinarySearchTreeExercises\BinarySearchTreeExercises.vcxproj", "{85F08824-828A-4BAC-9214-6D780FAFF49C}"
EndProject
Global
	GlobalSection(SolutionConfigurationPlatforms) = preSolution
		Debug|Win32 = Debug|Win32
		Release|Win32 = Release|Win32
	EndGlobalSection
	GlobalSection(ProjectConfigurationPlatforms) = postSolution
		{85F08824-828A-4BAC-9214-6D780FAFF49C}.Debug|Win32.ActiveCfg = Debug|Win32
		{85F08824-828A-4BAC-9214-6D780FAFF49C}.Debug|Win32.Build.0 = Debug|Win32
		{85F08824-828A-4BAC-9214-6D780FAFF49C}.Release|Win32.ActiveCfg = Release|Win32
		{85F08824-828A-4BAC-9214-6D780FAFF49C}.Release|Win32.Build.0 = Release|Win32
	EndGlobalSection
	GlobalSection(SolutionProperties) = preSolution
		HideSolutionNode = FALSE
	EndGlobalSection
EndGlobal
